
Microsoft Visual Studio Solution File, Format Version 12.00
# Visual Studio Version 16
VisualStudioVersion = 25.0.1704.2
MinimumVisualStudioVersion = 10.0.40219.1
Project("{FAE04EC0-301F-11D3-BF4B-00C04F79EFBC}") = "JSON-Deserializer", "JSON-Deserializer.csproj", "{818D5ECC-DBF5-4F08-8056-EABD061D1B81}"
EndProject
Global
	GlobalSection(SolutionConfigurationPlatforms) = preSolution
		Debug|Any CPU = Debug|Any CPU
		Release|Any CPU = Release|Any CPU
	EndGlobalSection
	GlobalSection(ProjectConfigurationPlatforms) = postSolution
		{818D5ECC-DBF5-4F08-8056-EABD061D1B81}.Debug|Any CPU.ActiveCfg = Debug|Any CPU
		{818D5ECC-DBF5-4F08-8056-EABD061D1B81}.Debug|Any CPU.Build.0 = Debug|Any CPU
		{818D5ECC-DBF5-4F08-8056-EABD061D1B81}.Release|Any CPU.ActiveCfg = Release|Any CPU
		{818D5ECC-DBF5-4F08-8056-EABD061D1B81}.Release|Any CPU.Build.0 = Release|Any CPU
	EndGlobalSection
	GlobalSection(SolutionProperties) = preSolution
		HideSolutionNode = FALSE
	EndGlobalSection
	GlobalSection(ExtensibilityGlobals) = postSolution
		SolutionGuid = {61818CC4-769B-454F-BB43-54CC0E03183B}
	EndGlobalSection
EndGlobal
